
Microsoft Visual Studio Solution File, Format Version 12.00
# Visual Studio Version 16
VisualStudioVersion = 16.0.30503.244
MinimumVisualStudioVersion = 10.0.40219.1
Project("{FAE04EC0-301F-11D3-BF4B-00C04F79EFBC}") = "Implement strStr or IndexOf", "Implement strStr or IndexOf\Implement strStr or IndexOf.csproj", "{E878143B-17DF-475A-878C-0B50F7EE6263}"
EndProject
Global
	GlobalSection(SolutionConfigurationPlatforms) = preSolution
		Debug|Any CPU = Debug|Any CPU
		Release|Any CPU = Release|Any CPU
	EndGlobalSection
	GlobalSection(ProjectConfigurationPlatforms) = postSolution
		{E878143B-17DF-475A-878C-0B50F7EE6263}.Debug|Any CPU.ActiveCfg = Debug|Any CPU
		{E878143B-17DF-475A-878C-0B50F7EE6263}.Debug|Any CPU.Build.0 = Debug|Any CPU
		{E878143B-17DF-475A-878C-0B50F7EE6263}.Release|Any CPU.ActiveCfg = Release|Any CPU
		{E878143B-17DF-475A-878C-0B50F7EE6263}.Release|Any CPU.Build.0 = Release|Any CPU
	EndGlobalSection
	GlobalSection(SolutionProperties) = preSolution
		HideSolutionNode = FALSE
	EndGlobalSection
	GlobalSection(ExtensibilityGlobals) = postSolution
		SolutionGuid = {A1F5AC19-A93A-4F69-AF4E-CAE75002D3DE}
	EndGlobalSection
EndGlobal
